// !$*UTF8*$!
{
	archiveVersion = 1;
	classes = {
	};
	objectVersion = 48;
	objects = {

/* Begin PBXBuildFile section */
		930ABB3F1FFDFAFF007956DF /* AppDelegate.m in Sources */ = {isa = PBXBuildFile; fileRef = 930ABB3E1FFDFAFF007956DF /* AppDelegate.m */; };
		930ABB421FFDFAFF007956DF /* ViewController.m in Sources */ = {isa = PBXBuildFile; fileRef = 930ABB411FFDFAFF007956DF /* ViewController.m */; };
		930ABB451FFDFAFF007956DF /* Main.storyboard in Resources */ = {isa = PBXBuildFile; fileRef = 930ABB431FFDFAFF007956DF /* Main.storyboard */; };
		930ABB471FFDFAFF007956DF /* Assets.xcassets in Resources */ = {isa = PBXBuildFile; fileRef = 930ABB461FFDFAFF007956DF /* Assets.xcassets */; };
		930ABB4A1FFDFAFF007956DF /* LaunchScreen.storyboard in Resources */ = {isa = PBXBuildFile; fileRef = 930ABB481FFDFAFF007956DF /* LaunchScreen.storyboard */; };
		930ABB4D1FFDFAFF007956DF /* main.m in Sources */ = {isa = PBXBuildFile; fileRef = 930ABB4C1FFDFAFF007956DF /* main.m */; };
		930ABBB91FFE06E9007956DF /* ISWToastUtilities.m in Sources */ = {isa = PBXBuildFile; fileRef = 930ABB921FFE06E9007956DF /* ISWToastUtilities.m */; };
		930ABBBA1FFE06E9007956DF /* NSDate+ISWAdd.m in Sources */ = {isa = PBXBuildFile; fileRef = 930ABB941FFE06E9007956DF /* NSDate+ISWAdd.m */; };
		930ABBBB1FFE06E9007956DF /* NSDateFormatter+ISWAdd.m in Sources */ = {isa = PBXBuildFile; fileRef = 930ABB961FFE06E9007956DF /* NSDateFormatter+ISWAdd.m */; };
		930ABBBC1FFE06E9007956DF /* NSMutableDictionary+NullSafe.m in Sources */ = {isa = PBXBuildFile; fileRef = 930ABB981FFE06E9007956DF /* NSMutableDictionary+NullSafe.m */; };
		930ABBBD1FFE06E9007956DF /* NSMutableString+ISWAdd.m in Sources */ = {isa = PBXBuildFile; fileRef = 930ABB9A1FFE06E9007956DF /* NSMutableString+ISWAdd.m */; };
		930ABBBE1FFE06E9007956DF /* NSString+ISWAdd.m in Sources */ = {isa = PBXBuildFile; fileRef = 930ABB9C1FFE06E9007956DF /* NSString+ISWAdd.m */; };
		930ABBBF1FFE06E9007956DF /* PHAsset+ISWAdd.m in Sources */ = {isa = PBXBuildFile; fileRef = 930ABB9E1FFE06E9007956DF /* PHAsset+ISWAdd.m */; };
		930ABBC01FFE06E9007956DF /* SKTagView+ISWAdd.m in Sources */ = {isa = PBXBuildFile; fileRef = 930ABBA01FFE06E9007956DF /* SKTagView+ISWAdd.m */; };
		930ABBC11FFE06E9007956DF /* UIApplication+ISWAdd.m in Sources */ = {isa = PBXBuildFile; fileRef = 930ABBA21FFE06E9007956DF /* UIApplication+ISWAdd.m */; };
		930ABBC21FFE06E9007956DF /* UIButton+ISWAdd.m in Sources */ = {isa = PBXBuildFile; fileRef = 930ABBA41FFE06E9007956DF /* UIButton+ISWAdd.m */; };
		930ABBC31FFE06E9007956DF /* UIDevice+ISWAdd.m in Sources */ = {isa = PBXBuildFile; fileRef = 930ABBA61FFE06E9007956DF /* UIDevice+ISWAdd.m */; };
		930ABBC41FFE06E9007956DF /* UIFont+ISWAdd.m in Sources */ = {isa = PBXBuildFile; fileRef = 930ABBA81FFE06E9007956DF /* UIFont+ISWAdd.m */; };
		930ABBC51FFE06E9007956DF /* UIImage+ISWAdd.m in Sources */ = {isa = PBXBuildFile; fileRef = 930ABBAA1FFE06E9007956DF /* UIImage+ISWAdd.m */; };
		930ABBC61FFE06E9007956DF /* UIImageView+ISWAdd.m in Sources */ = {isa = PBXBuildFile; fileRef = 930ABBAC1FFE06E9007956DF /* UIImageView+ISWAdd.m */; };
		930ABBC71FFE06E9007956DF /* UILabel+ISWAdd.m in Sources */ = {isa = PBXBuildFile; fileRef = 930ABBAE1FFE06E9007956DF /* UILabel+ISWAdd.m */; };
		930ABBC81FFE06E9007956DF /* UITableView+ISWAdd.m in Sources */ = {isa = PBXBuildFile; fileRef = 930ABBB01FFE06E9007956DF /* UITableView+ISWAdd.m */; };
		930ABBC91FFE06E9007956DF /* UITableViewCell+ISWAdd.m in Sources */ = {isa = PBXBuildFile; fileRef = 930ABBB21FFE06E9007956DF /* UITableViewCell+ISWAdd.m */; };
		930ABBCA1FFE06E9007956DF /* UITextField+ISWAdd.m in Sources */ = {isa = PBXBuildFile; fileRef = 930ABBB41FFE06E9007956DF /* UITextField+ISWAdd.m */; };
		930ABBCB1FFE06E9007956DF /* UIView+ISWAdd.m in Sources */ = {isa = PBXBuildFile; fileRef = 930ABBB61FFE06E9007956DF /* UIView+ISWAdd.m */; };
		930ABBCC1FFE06E9007956DF /* UIViewController+ISWAdd.m in Sources */ = {isa = PBXBuildFile; fileRef = 930ABBB81FFE06E9007956DF /* UIViewController+ISWAdd.m */; };
/* End PBXBuildFile section */

/* Begin PBXFileReference section */
		930ABB3A1FFDFAFF007956DF /* ISWCategory.app */ = {isa = PBXFileReference; explicitFileType = wrapper.application; includeInIndex = 0; path = ISWCategory.app; sourceTree = BUILT_PRODUCTS_DIR; };
		930ABB3D1FFDFAFF007956DF /* AppDelegate.h */ = {isa = PBXFileReference; lastKnownFileType = sourcecode.c.h; path = AppDelegate.h; sourceTree = "<group>"; };
		930ABB3E1FFDFAFF007956DF /* AppDelegate.m */ = {isa = PBXFileReference; lastKnownFileType = sourcecode.c.objc; path = AppDelegate.m; sourceTree = "<group>"; };
		930ABB401FFDFAFF007956DF /* ViewController.h */ = {isa = PBXFileReference; lastKnownFileType = sourcecode.c.h; path = ViewController.h; sourceTree = "<group>"; };
		930ABB411FFDFAFF007956DF /* ViewController.m */ = {isa = PBXFileReference; lastKnownFileType = sourcecode.c.objc; path = ViewController.m; sourceTree = "<group>"; };
		930ABB441FFDFAFF007956DF /* Base */ = {isa = PBXFileReference; lastKnownFileType = file.storyboard; name = Base; path = Base.lproj/Main.storyboard; sourceTree = "<group>"; };
		930ABB461FFDFAFF007956DF /* Assets.xcassets */ = {isa = PBXFileReference; lastKnownFileType = folder.assetcatalog; path = Assets.xcassets; sourceTree = "<group>"; };
		930ABB491FFDFAFF007956DF /* Base */ = {isa = PBXFileReference; lastKnownFileType = file.storyboard; name = Base; path = Base.lproj/LaunchScreen.storyboard; sourceTree = "<group>"; };
		930ABB4B1FFDFAFF007956DF /* Info.plist */ = {isa = PBXFileReference; lastKnownFileType = text.plist.xml; path = Info.plist; sourceTree = "<group>"; };
		930ABB4C1FFDFAFF007956DF /* main.m */ = {isa = PBXFileReference; lastKnownFileType = sourcecode.c.objc; path = main.m; sourceTree = "<group>"; };
		930ABB911FFE06E9007956DF /* ISWToastUtilities.h */ = {isa = PBXFileReference; fileEncoding = 4; lastKnownFileType = sourcecode.c.h; path = ISWToastUtilities.h; sourceTree = "<group>"; };
		930ABB921FFE06E9007956DF /* ISWToastUtilities.m */ = {isa = PBXFileReference; fileEncoding = 4; lastKnownFileType = sourcecode.c.objc; path = ISWToastUtilities.m; sourceTree = "<group>"; };
		930ABB931FFE06E9007956DF /* NSDate+ISWAdd.h */ = {isa = PBXFileReference; fileEncoding = 4; lastKnownFileType = sourcecode.c.h; path = "NSDate+ISWAdd.h"; sourceTree = "<group>"; };
		930ABB941FFE06E9007956DF /* NSDate+ISWAdd.m */ = {isa = PBXFileReference; fileEncoding = 4; lastKnownFileType = sourcecode.c.objc; path = "NSDate+ISWAdd.m"; sourceTree = "<group>"; };
		930ABB951FFE06E9007956DF /* NSDateFormatter+ISWAdd.h */ = {isa = PBXFileReference; fileEncoding = 4; lastKnownFileType = sourcecode.c.h; path = "NSDateFormatter+ISWAdd.h"; sourceTree = "<group>"; };
		930ABB961FFE06E9007956DF /* NSDateFormatter+ISWAdd.m */ = {isa = PBXFileReference; fileEncoding = 4; lastKnownFileType = sourcecode.c.objc; path = "NSDateFormatter+ISWAdd.m"; sourceTree = "<group>"; };
		930ABB971FFE06E9007956DF /* NSMutableDictionary+NullSafe.h */ = {isa = PBXFileReference; fileEncoding = 4; lastKnownFileType = sourcecode.c.h; path = "NSMutableDictionary+NullSafe.h"; sourceTree = "<group>"; };
		930ABB981FFE06E9007956DF /* NSMutableDictionary+NullSafe.m */ = {isa = PBXFileReference; fileEncoding = 4; lastKnownFileType = sourcecode.c.objc; path = "NSMutableDictionary+NullSafe.m"; sourceTree = "<group>"; };
		930ABB991FFE06E9007956DF /* NSMutableString+ISWAdd.h */ = {isa = PBXFileReference; fileEncoding = 4; lastKnownFileType = sourcecode.c.h; path = "NSMutableString+ISWAdd.h"; sourceTree = "<group>"; };
		930ABB9A1FFE06E9007956DF /* NSMutableString+ISWAdd.m */ = {isa = PBXFileReference; fileEncoding = 4; lastKnownFileType = sourcecode.c.objc; path = "NSMutableString+ISWAdd.m"; sourceTree = "<group>"; };
		930ABB9B1FFE06E9007956DF /* NSString+ISWAdd.h */ = {isa = PBXFileReference; fileEncoding = 4; lastKnownFileType = sourcecode.c.h; path = "NSString+ISWAdd.h"; sourceTree = "<group>"; };
		930ABB9C1FFE06E9007956DF /* NSString+ISWAdd.m */ = {isa = PBXFileReference; fileEncoding = 4; lastKnownFileType = sourcecode.c.objc; path = "NSString+ISWAdd.m"; sourceTree = "<group>"; };
		930ABB9D1FFE06E9007956DF /* PHAsset+ISWAdd.h */ = {isa = PBXFileReference; fileEncoding = 4; lastKnownFileType = sourcecode.c.h; path = "PHAsset+ISWAdd.h"; sourceTree = "<group>"; };
		930ABB9E1FFE06E9007956DF /* PHAsset+ISWAdd.m */ = {isa = PBXFileReference; fileEncoding = 4; lastKnownFileType = sourcecode.c.objc; path = "PHAsset+ISWAdd.m"; sourceTree = "<group>"; };
		930ABB9F1FFE06E9007956DF /* SKTagView+ISWAdd.h */ = {isa = PBXFileReference; fileEncoding = 4; lastKnownFileType = sourcecode.c.h; path = "SKTagView+ISWAdd.h"; sourceTree = "<group>"; };
		930ABBA01FFE06E9007956DF /* SKTagView+ISWAdd.m */ = {isa = PBXFileReference; fileEncoding = 4; lastKnownFileType = sourcecode.c.objc; path = "SKTagView+ISWAdd.m"; sourceTree = "<group>"; };
		930ABBA11FFE06E9007956DF /* UIApplication+ISWAdd.h */ = {isa = PBXFileReference; fileEncoding = 4; lastKnownFileType = sourcecode.c.h; path = "UIApplication+ISWAdd.h"; sourceTree = "<group>"; };
		930ABBA21FFE06E9007956DF /* UIApplication+ISWAdd.m */ = {isa = PBXFileReference; fileEncoding = 4; lastKnownFileType = sourcecode.c.objc; path = "UIApplication+ISWAdd.m"; sourceTree = "<group>"; };
		930ABBA31FFE06E9007956DF /* UIButton+ISWAdd.h */ = {isa = PBXFileReference; fileEncoding = 4; lastKnownFileType = sourcecode.c.h; path = "UIButton+ISWAdd.h"; sourceTree = "<group>"; };
		930ABBA41FFE06E9007956DF /* UIButton+ISWAdd.m */ = {isa = PBXFileReference; fileEncoding = 4; lastKnownFileType = sourcecode.c.objc; path = "UIButton+ISWAdd.m"; sourceTree = "<group>"; };
		930ABBA51FFE06E9007956DF /* UIDevice+ISWAdd.h */ = {isa = PBXFileReference; fileEncoding = 4; lastKnownFileType = sourcecode.c.h; path = "UIDevice+ISWAdd.h"; sourceTree = "<group>"; };
		930ABBA61FFE06E9007956DF /* UIDevice+ISWAdd.m */ = {isa = PBXFileReference; fileEncoding = 4; lastKnownFileType = sourcecode.c.objc; path = "UIDevice+ISWAdd.m"; sourceTree = "<group>"; };
		930ABBA71FFE06E9007956DF /* UIFont+ISWAdd.h */ = {isa = PBXFileReference; fileEncoding = 4; lastKnownFileType = sourcecode.c.h; path = "UIFont+ISWAdd.h"; sourceTree = "<group>"; };
		930ABBA81FFE06E9007956DF /* UIFont+ISWAdd.m */ = {isa = PBXFileReference; fileEncoding = 4; lastKnownFileType = sourcecode.c.objc; path = "UIFont+ISWAdd.m"; sourceTree = "<group>"; };
		930ABBA91FFE06E9007956DF /* UIImage+ISWAdd.h */ = {isa = PBXFileReference; fileEncoding = 4; lastKnownFileType = sourcecode.c.h; path = "UIImage+ISWAdd.h"; sourceTree = "<group>"; };
		930ABBAA1FFE06E9007956DF /* UIImage+ISWAdd.m */ = {isa = PBXFileReference; fileEncoding = 4; lastKnownFileType = sourcecode.c.objc; path = "UIImage+ISWAdd.m"; sourceTree = "<group>"; };
		930ABBAB1FFE06E9007956DF /* UIImageView+ISWAdd.h */ = {isa = PBXFileReference; fileEncoding = 4; lastKnownFileType = sourcecode.c.h; path = "UIImageView+ISWAdd.h"; sourceTree = "<group>"; };
		930ABBAC1FFE06E9007956DF /* UIImageView+ISWAdd.m */ = {isa = PBXFileReference; fileEncoding = 4; lastKnownFileType = sourcecode.c.objc; path = "UIImageView+ISWAdd.m"; sourceTree = "<group>"; };
		930ABBAD1FFE06E9007956DF /* UILabel+ISWAdd.h */ = {isa = PBXFileReference; fileEncoding = 4; lastKnownFileType = sourcecode.c.h; path = "UILabel+ISWAdd.h"; sourceTree = "<group>"; };
		930ABBAE1FFE06E9007956DF /* UILabel+ISWAdd.m */ = {isa = PBXFileReference; fileEncoding = 4; lastKnownFileType = sourcecode.c.objc; path = "UILabel+ISWAdd.m"; sourceTree = "<group>"; };
		930ABBAF1FFE06E9007956DF /* UITableView+ISWAdd.h */ = {isa = PBXFileReference; fileEncoding = 4; lastKnownFileType = sourcecode.c.h; path = "UITableView+ISWAdd.h"; sourceTree = "<group>"; };
		930ABBB01FFE06E9007956DF /* UITableView+ISWAdd.m */ = {isa = PBXFileReference; fileEncoding = 4; lastKnownFileType = sourcecode.c.objc; path = "UITableView+ISWAdd.m"; sourceTree = "<group>"; };
		930ABBB11FFE06E9007956DF /* UITableViewCell+ISWAdd.h */ = {isa = PBXFileReference; fileEncoding = 4; lastKnownFileType = sourcecode.c.h; path = "UITableViewCell+ISWAdd.h"; sourceTree = "<group>"; };
		930ABBB21FFE06E9007956DF /* UITableViewCell+ISWAdd.m */ = {isa = PBXFileReference; fileEncoding = 4; lastKnownFileType = sourcecode.c.objc; path = "UITableViewCell+ISWAdd.m"; sourceTree = "<group>"; };
		930ABBB31FFE06E9007956DF /* UITextField+ISWAdd.h */ = {isa = PBXFileReference; fileEncoding = 4; lastKnownFileType = sourcecode.c.h; path = "UITextField+ISWAdd.h"; sourceTree = "<group>"; };
		930ABBB41FFE06E9007956DF /* UITextField+ISWAdd.m */ = {isa = PBXFileReference; fileEncoding = 4; lastKnownFileType = sourcecode.c.objc; path = "UITextField+ISWAdd.m"; sourceTree = "<group>"; };
		930ABBB51FFE06E9007956DF /* UIView+ISWAdd.h */ = {isa = PBXFileReference; fileEncoding = 4; lastKnownFileType = sourcecode.c.h; path = "UIView+ISWAdd.h"; sourceTree = "<group>"; };
		930ABBB61FFE06E9007956DF /* UIView+ISWAdd.m */ = {isa = PBXFileReference; fileEncoding = 4; lastKnownFileType = sourcecode.c.objc; path = "UIView+ISWAdd.m"; sourceTree = "<group>"; };
		930ABBB71FFE06E9007956DF /* UIViewController+ISWAdd.h */ = {isa = PBXFileReference; fileEncoding = 4; lastKnownFileType = sourcecode.c.h; path = "UIViewController+ISWAdd.h"; sourceTree = "<group>"; };
		930ABBB81FFE06E9007956DF /* UIViewController+ISWAdd.m */ = {isa = PBXFileReference; fileEncoding = 4; lastKnownFileType = sourcecode.c.objc; path = "UIViewController+ISWAdd.m"; sourceTree = "<group>"; };
/* End PBXFileReference section */

/* Begin PBXFrameworksBuildPhase section */
		930ABB371FFDFAFF007956DF /* Frameworks */ = {
			isa = PBXFrameworksBuildPhase;
			buildActionMask = 2147483647;
			files = (
			);
			runOnlyForDeploymentPostprocessing = 0;
		};
/* End PBXFrameworksBuildPhase section */

/* Begin PBXGroup section */
		930ABB311FFDFAFF007956DF = {
			isa = PBXGroup;
			children = (
				930ABB3C1FFDFAFF007956DF /* ISWCategory */,
				930ABB3B1FFDFAFF007956DF /* Products */,
			);
			sourceTree = "<group>";
		};
		930ABB3B1FFDFAFF007956DF /* Products */ = {
			isa = PBXGroup;
			children = (
				930ABB3A1FFDFAFF007956DF /* ISWCategory.app */,
			);
			name = Products;
			sourceTree = "<group>";
		};
		930ABB3C1FFDFAFF007956DF /* ISWCategory */ = {
			isa = PBXGroup;
			children = (
				930ABB901FFE06E9007956DF /* Source */,
				930ABB3D1FFDFAFF007956DF /* AppDelegate.h */,
				930ABB3E1FFDFAFF007956DF /* AppDelegate.m */,
				930ABB401FFDFAFF007956DF /* ViewController.h */,
				930ABB411FFDFAFF007956DF /* ViewController.m */,
				930ABB431FFDFAFF007956DF /* Main.storyboard */,
				930ABB461FFDFAFF007956DF /* Assets.xcassets */,
				930ABB481FFDFAFF007956DF /* LaunchScreen.storyboard */,
				930ABB4B1FFDFAFF007956DF /* Info.plist */,
				930ABB4C1FFDFAFF007956DF /* main.m */,
			);
			path = ISWCategory;
			sourceTree = "<group>";
		};
		930ABB901FFE06E9007956DF /* Source */ = {
			isa = PBXGroup;
			children = (
				930ABB911FFE06E9007956DF /* ISWToastUtilities.h */,
				930ABB921FFE06E9007956DF /* ISWToastUtilities.m */,
				930ABB931FFE06E9007956DF /* NSDate+ISWAdd.h */,
				930ABB941FFE06E9007956DF /* NSDate+ISWAdd.m */,
				930ABB951FFE06E9007956DF /* NSDateFormatter+ISWAdd.h */,
				930ABB961FFE06E9007956DF /* NSDateFormatter+ISWAdd.m */,
				930ABB971FFE06E9007956DF /* NSMutableDictionary+NullSafe.h */,
				930ABB981FFE06E9007956DF /* NSMutableDictionary+NullSafe.m */,
				930ABB991FFE06E9007956DF /* NSMutableString+ISWAdd.h */,
				930ABB9A1FFE06E9007956DF /* NSMutableString+ISWAdd.m */,
				930ABB9B1FFE06E9007956DF /* NSString+ISWAdd.h */,
				930ABB9C1FFE06E9007956DF /* NSString+ISWAdd.m */,
				930ABB9D1FFE06E9007956DF /* PHAsset+ISWAdd.h */,
				930ABB9E1FFE06E9007956DF /* PHAsset+ISWAdd.m */,
				930ABB9F1FFE06E9007956DF /* SKTagView+ISWAdd.h */,
				930ABBA01FFE06E9007956DF /* SKTagView+ISWAdd.m */,
				930ABBA11FFE06E9007956DF /* UIApplication+ISWAdd.h */,
				930ABBA21FFE06E9007956DF /* UIApplication+ISWAdd.m */,
				930ABBA31FFE06E9007956DF /* UIButton+ISWAdd.h */,
				930ABBA41FFE06E9007956DF /* UIButton+ISWAdd.m */,
				930ABBA51FFE06E9007956DF /* UIDevice+ISWAdd.h */,
				930ABBA61FFE06E9007956DF /* UIDevice+ISWAdd.m */,
				930ABBA71FFE06E9007956DF /* UIFont+ISWAdd.h */,
				930ABBA81FFE06E9007956DF /* UIFont+ISWAdd.m */,
				930ABBA91FFE06E9007956DF /* UIImage+ISWAdd.h */,
				930ABBAA1FFE06E9007956DF /* UIImage+ISWAdd.m */,
				930ABBAB1FFE06E9007956DF /* UIImageView+ISWAdd.h */,
				930ABBAC1FFE06E9007956DF /* UIImageView+ISWAdd.m */,
				930ABBAD1FFE06E9007956DF /* UILabel+ISWAdd.h */,
				930ABBAE1FFE06E9007956DF /* UILabel+ISWAdd.m */,
				930ABBAF1FFE06E9007956DF /* UITableView+ISWAdd.h */,
				930ABBB01FFE06E9007956DF /* UITableView+ISWAdd.m */,
				930ABBB11FFE06E9007956DF /* UITableViewCell+ISWAdd.h */,
				930ABBB21FFE06E9007956DF /* UITableViewCell+ISWAdd.m */,
				930ABBB31FFE06E9007956DF /* UITextField+ISWAdd.h */,
				930ABBB41FFE06E9007956DF /* UITextField+ISWAdd.m */,
				930ABBB51FFE06E9007956DF /* UIView+ISWAdd.h */,
				930ABBB61FFE06E9007956DF /* UIView+ISWAdd.m */,
				930ABBB71FFE06E9007956DF /* UIViewController+ISWAdd.h */,
				930ABBB81FFE06E9007956DF /* UIViewController+ISWAdd.m */,
			);
			name = Source;
			path = ../../Source;
			sourceTree = "<group>";
		};
/* End PBXGroup section */

/* Begin PBXNativeTarget section */
		930ABB391FFDFAFF007956DF /* ISWCategory */ = {
			isa = PBXNativeTarget;
			buildConfigurationList = 930ABB501FFDFAFF007956DF /* Build configuration list for PBXNativeTarget "ISWCategory" */;
			buildPhases = (
				930ABB361FFDFAFF007956DF /* Sources */,
				930ABB371FFDFAFF007956DF /* Frameworks */,
				930ABB381FFDFAFF007956DF /* Resources */,
			);
			buildRules = (
			);
			dependencies = (
			);
			name = ISWCategory;
			productName = ISWCategory;
			productReference = 930ABB3A1FFDFAFF007956DF /* ISWCategory.app */;
			productType = "com.apple.product-type.application";
		};
/* End PBXNativeTarget section */

/* Begin PBXProject section */
		930ABB321FFDFAFF007956DF /* Project object */ = {
			isa = PBXProject;
			attributes = {
				LastUpgradeCheck = 0920;
				ORGANIZATIONNAME = zhitian;
				TargetAttributes = {
					930ABB391FFDFAFF007956DF = {
						CreatedOnToolsVersion = 9.2;
						ProvisioningStyle = Automatic;
					};
				};
			};
			buildConfigurationList = 930ABB351FFDFAFF007956DF /* Build configuration list for PBXProject "ISWCategory" */;
			compatibilityVersion = "Xcode 8.0";
			developmentRegion = en;
			hasScannedForEncodings = 0;
			knownRegions = (
				en,
				Base,
			);
			mainGroup = 930ABB311FFDFAFF007956DF;
			productRefGroup = 930ABB3B1FFDFAFF007956DF /* Products */;
			projectDirPath = "";
			projectRoot = "";
			targets = (
				930ABB391FFDFAFF007956DF /* ISWCategory */,
			);
		};
/* End PBXProject section */

/* Begin PBXResourcesBuildPhase section */
		930ABB381FFDFAFF007956DF /* Resources */ = {
			isa = PBXResourcesBuildPhase;
			buildActionMask = 2147483647;
			files = (
				930ABB4A1FFDFAFF007956DF /* LaunchScreen.storyboard in Resources */,
				930ABB471FFDFAFF007956DF /* Assets.xcassets in Resources */,
				930ABB451FFDFAFF007956DF /* Main.storyboard in Resources */,
			);
			runOnlyForDeploymentPostprocessing = 0;
		};
/* End PBXResourcesBuildPhase section */

/* Begin PBXSourcesBuildPhase section */
		930ABB361FFDFAFF007956DF /* Sources */ = {
			isa = PBXSourcesBuildPhase;
			buildActionMask = 2147483647;
			files = (
				930ABBB91FFE06E9007956DF /* ISWToastUtilities.m in Sources */,
				930ABBBB1FFE06E9007956DF /* NSDateFormatter+ISWAdd.m in Sources */,
				930ABBC71FFE06E9007956DF /* UILabel+ISWAdd.m in Sources */,
				930ABBC91FFE06E9007956DF /* UITableViewCell+ISWAdd.m in Sources */,
				930ABB421FFDFAFF007956DF /* ViewController.m in Sources */,
				930ABBC51FFE06E9007956DF /* UIImage+ISWAdd.m in Sources */,
				930ABBCA1FFE06E9007956DF /* UITextField+ISWAdd.m in Sources */,
				930ABB4D1FFDFAFF007956DF /* main.m in Sources */,
				930ABBBD1FFE06E9007956DF /* NSMutableString+ISWAdd.m in Sources */,
				930ABBC61FFE06E9007956DF /* UIImageView+ISWAdd.m in Sources */,
				930ABBBC1FFE06E9007956DF /* NSMutableDictionary+NullSafe.m in Sources */,
				930ABBBF1FFE06E9007956DF /* PHAsset+ISWAdd.m in Sources */,
				930ABBCC1FFE06E9007956DF /* UIViewController+ISWAdd.m in Sources */,
				930ABBC81FFE06E9007956DF /* UITableView+ISWAdd.m in Sources */,
				930ABBC01FFE06E9007956DF /* SKTagView+ISWAdd.m in Sources */,
				930ABBC21FFE06E9007956DF /* UIButton+ISWAdd.m in Sources */,
				930ABBC41FFE06E9007956DF /* UIFont+ISWAdd.m in Sources */,
				930ABBBA1FFE06E9007956DF /* NSDate+ISWAdd.m in Sources */,
				930ABBBE1FFE06E9007956DF /* NSString+ISWAdd.m in Sources */,
				930ABBCB1FFE06E9007956DF /* UIView+ISWAdd.m in Sources */,
				930ABBC11FFE06E9007956DF /* UIApplication+ISWAdd.m in Sources */,
				930ABB3F1FFDFAFF007956DF /* AppDelegate.m in Sources */,
				930ABBC31FFE06E9007956DF /* UIDevice+ISWAdd.m in Sources */,
			);
			runOnlyForDeploymentPostprocessing = 0;
		};
/* End PBXSourcesBuildPhase section */

/* Begin PBXVariantGroup section */
		930ABB431FFDFAFF007956DF /* Main.storyboard */ = {
			isa = PBXVariantGroup;
			children = (
				930ABB441FFDFAFF007956DF /* Base */,
			);
			name = Main.storyboard;
			sourceTree = "<group>";
		};
		930ABB481FFDFAFF007956DF /* LaunchScreen.storyboard */ = {
			isa = PBXVariantGroup;
			children = (
				930ABB491FFDFAFF007956DF /* Base */,
			);
			name = LaunchScreen.storyboard;
			sourceTree = "<group>";
		};
/* End PBXVariantGroup section */

/* Begin XCBuildConfiguration section */
		930ABB4E1FFDFAFF007956DF /* Debug */ = {
			isa = XCBuildConfiguration;
			buildSettings = {
				ALWAYS_SEARCH_USER_PATHS = NO;
				CLANG_ANALYZER_NONNULL = YES;
				CLANG_ANALYZER_NUMBER_OBJECT_CONVERSION = YES_AGGRESSIVE;
				CLANG_CXX_LANGUAGE_STANDARD = "gnu++14";
				CLANG_CXX_LIBRARY = "libc++";
				CLANG_ENABLE_MODULES = YES;
				CLANG_ENABLE_OBJC_ARC = YES;
				CLANG_WARN_BLOCK_CAPTURE_AUTORELEASING = YES;
				CLANG_WARN_BOOL_CONVERSION = YES;
				CLANG_WARN_COMMA = YES;
				CLANG_WARN_CONSTANT_CONVERSION = YES;
				CLANG_WARN_DIRECT_OBJC_ISA_USAGE = YES_ERROR;
				CLANG_WARN_DOCUMENTATION_COMMENTS = YES;
				CLANG_WARN_EMPTY_BODY = YES;
				CLANG_WARN_ENUM_CONVERSION = YES;
				CLANG_WARN_INFINITE_RECURSION = YES;
				CLANG_WARN_INT_CONVERSION = YES;
				CLANG_WARN_NON_LITERAL_NULL_CONVERSION = YES;
				CLANG_WARN_OBJC_LITERAL_CONVERSION = YES;
				CLANG_WARN_OBJC_ROOT_CLASS = YES_ERROR;
				CLANG_WARN_RANGE_LOOP_ANALYSIS = YES;
				CLANG_WARN_STRICT_PROTOTYPES = YES;
				CLANG_WARN_SUSPICIOUS_MOVE = YES;
				CLANG_WARN_UNGUARDED_AVAILABILITY = YES_AGGRESSIVE;
				CLANG_WARN_UNREACHABLE_CODE = YES;
				CLANG_WARN__DUPLICATE_METHOD_MATCH = YES;
				CODE_SIGN_IDENTITY = "iPhone Developer";
				COPY_PHASE_STRIP = NO;
				DEBUG_INFORMATION_FORMAT = dwarf;
				ENABLE_STRICT_OBJC_MSGSEND = YES;
				ENABLE_TESTABILITY = YES;
				GCC_C_LANGUAGE_STANDARD = gnu11;
				GCC_DYNAMIC_NO_PIC = NO;
				GCC_NO_COMMON_BLOCKS = YES;
				GCC_OPTIMIZATION_LEVEL = 0;
				GCC_PREPROCESSOR_DEFINITIONS = (
					"DEBUG=1",
					"$(inherited)",
				);
				GCC_WARN_64_TO_32_BIT_CONVERSION = YES;
				GCC_WARN_ABOUT_RETURN_TYPE = YES_ERROR;
				GCC_WARN_UNDECLARED_SELECTOR = YES;
				GCC_WARN_UNINITIALIZED_AUTOS = YES_AGGRESSIVE;
				GCC_WARN_UNUSED_FUNCTION = YES;
				GCC_WARN_UNUSED_VARIABLE = YES;
				IPHONEOS_DEPLOYMENT_TARGET = 11.2;
				MTL_ENABLE_DEBUG_INFO = YES;
				ONLY_ACTIVE_ARCH = YES;
				SDKROOT = iphoneos;
			};
			name = Debug;
		};
		930ABB4F1FFDFAFF007956DF /* Release */ = {
			isa = XCBuildConfiguration;
			buildSettings = {
				ALWAYS_SEARCH_USER_PATHS = NO;
				CLANG_ANALYZER_NONNULL = YES;
				CLANG_ANALYZER_NUMBER_OBJECT_CONVERSION = YES_AGGRESSIVE;
				CLANG_CXX_LANGUAGE_STANDARD = "gnu++14";
				CLANG_CXX_LIBRARY = "libc++";
				CLANG_ENABLE_MODULES = YES;
				CLANG_ENABLE_OBJC_ARC = YES;
				CLANG_WARN_BLOCK_CAPTURE_AUTORELEASING = YES;
				CLANG_WARN_BOOL_CONVERSION = YES;
				CLANG_WARN_COMMA = YES;
				CLANG_WARN_CONSTANT_CONVERSION = YES;
				CLANG_WARN_DIRECT_OBJC_ISA_USAGE = YES_ERROR;
				CLANG_WARN_DOCUMENTATION_COMMENTS = YES;
				CLANG_WARN_EMPTY_BODY = YES;
				CLANG_WARN_ENUM_CONVERSION = YES;
				CLANG_WARN_INFINITE_RECURSION = YES;
				CLANG_WARN_INT_CONVERSION = YES;
				CLANG_WARN_NON_LITERAL_NULL_CONVERSION = YES;
				CLANG_WARN_OBJC_LITERAL_CONVERSION = YES;
				CLANG_WARN_OBJC_ROOT_CLASS = YES_ERROR;
				CLANG_WARN_RANGE_LOOP_ANALYSIS = YES;
				CLANG_WARN_STRICT_PROTOTYPES = YES;
				CLANG_WARN_SUSPICIOUS_MOVE = YES;
				CLANG_WARN_UNGUARDED_AVAILABILITY = YES_AGGRESSIVE;
				CLANG_WARN_UNREACHABLE_CODE = YES;
				CLANG_WARN__DUPLICATE_METHOD_MATCH = YES;
				CODE_SIGN_IDENTITY = "iPhone Developer";
				COPY_PHASE_STRIP = NO;
				DEBUG_INFORMATION_FORMAT = "dwarf-with-dsym";
				ENABLE_NS_ASSERTIONS = NO;
				ENABLE_STRICT_OBJC_MSGSEND = YES;
				GCC_C_LANGUAGE_STANDARD = gnu11;
				GCC_NO_COMMON_BLOCKS = YES;
				GCC_WARN_64_TO_32_BIT_CONVERSION = YES;
				GCC_WARN_ABOUT_RETURN_TYPE = YES_ERROR;
				GCC_WARN_UNDECLARED_SELECTOR = YES;
				GCC_WARN_UNINITIALIZED_AUTOS = YES_AGGRESSIVE;
				GCC_WARN_UNUSED_FUNCTION = YES;
				GCC_WARN_UNUSED_VARIABLE = YES;
				IPHONEOS_DEPLOYMENT_TARGET = 11.2;
				MTL_ENABLE_DEBUG_INFO = NO;
				SDKROOT = iphoneos;
				VALIDATE_PRODUCT = YES;
			};
			name = Release;
		};
		930ABB511FFDFAFF007956DF /* Debug */ = {
			isa = XCBuildConfiguration;
			buildSettings = {
				ASSETCATALOG_COMPILER_APPICON_NAME = AppIcon;
				CODE_SIGN_STYLE = Automatic;
				DEVELOPMENT_TEAM = 6L2K78L5W7;
				INFOPLIST_FILE = ISWCategory/Info.plist;
				LD_RUNPATH_SEARCH_PATHS = "$(inherited) @executable_path/Frameworks";
				PRODUCT_BUNDLE_IDENTIFIER = zhitianNetWork.ISWCategory;
				PRODUCT_NAME = "$(TARGET_NAME)";
				TARGETED_DEVICE_FAMILY = "1,2";
			};
			name = Debug;
		};
		930ABB521FFDFAFF007956DF /* Release */ = {
			isa = XCBuildConfiguration;
			buildSettings = {
				ASSETCATALOG_COMPILER_APPICON_NAME = AppIcon;
				CODE_SIGN_STYLE = Automatic;
				DEVELOPMENT_TEAM = 6L2K78L5W7;
				INFOPLIST_FILE = ISWCategory/Info.plist;
				LD_RUNPATH_SEARCH_PATHS = "$(inherited) @executable_path/Frameworks";
				PRODUCT_BUNDLE_IDENTIFIER = zhitianNetWork.ISWCategory;
				PRODUCT_NAME = "$(TARGET_NAME)";
				TARGETED_DEVICE_FAMILY = "1,2";
			};
			name = Release;
		};
/* End XCBuildConfiguration section */

/* Begin XCConfigurationList section */
		930ABB351FFDFAFF007956DF /* Build configuration list for PBXProject "ISWCategory" */ = {
			isa = XCConfigurationList;
			buildConfigurations = (
				930ABB4E1FFDFAFF007956DF /* Debug */,
				930ABB4F1FFDFAFF007956DF /* Release */,
			);
			defaultConfigurationIsVisible = 0;
			defaultConfigurationName = Release;
		};
		930ABB501FFDFAFF007956DF /* Build configuration list for PBXNativeTarget "ISWCategory" */ = {
			isa = XCConfigurationList;
			buildConfigurations = (
				930ABB511FFDFAFF007956DF /* Debug */,
				930ABB521FFDFAFF007956DF /* Release */,
			);
			defaultConfigurationIsVisible = 0;
			defaultConfigurationName = Release;
		};
/* End XCConfigurationList section */
	};
	rootObject = 930ABB321FFDFAFF007956DF /* Project object */;
}
